
Microsoft Visual Studio Solution File, Format Version 12.00
# Visual Studio Version 17
VisualStudioVersion = 17.8.34511.84
MinimumVisualStudioVersion = 10.0.40219.1
Project("{FAE04EC0-301F-11D3-BF4B-00C04F79EFBC}") = "StringExtensionLibrary", "StringExtensionLibrary.csproj", "{E7AD6B52-616E-41E0-8C02-F07C72CB1DB0}"
EndProject
Global
	GlobalSection(SolutionConfigurationPlatforms) = preSolution
		Debug|Any CPU = Debug|Any CPU
		Release|Any CPU = Release|Any CPU
	EndGlobalSection
	GlobalSection(ProjectConfigurationPlatforms) = postSolution
		{E7AD6B52-616E-41E0-8C02-F07C72CB1DB0}.Debug|Any CPU.ActiveCfg = Debug|Any CPU
		{E7AD6B52-616E-41E0-8C02-F07C72CB1DB0}.Debug|Any CPU.Build.0 = Debug|Any CPU
		{E7AD6B52-616E-41E0-8C02-F07C72CB1DB0}.Release|Any CPU.ActiveCfg = Release|Any CPU
		{E7AD6B52-616E-41E0-8C02-F07C72CB1DB0}.Release|Any CPU.Build.0 = Release|Any CPU
	EndGlobalSection
	GlobalSection(SolutionProperties) = preSolution
		HideSolutionNode = FALSE
	EndGlobalSection
	GlobalSection(ExtensibilityGlobals) = postSolution
		SolutionGuid = {58214918-AB7C-4520-AD71-FADB9D6EAE6D}
	EndGlobalSection
EndGlobal
